
Microsoft Visual Studio Solution File, Format Version 12.00
# Visual Studio Version 17
VisualStudioVersion = 17.0.31717.71
MinimumVisualStudioVersion = 10.0.40219.1
Project("{9A19103F-16F7-4668-BE54-9A1E7A4F7556}") = "API - processo seletivo", "API - processo seletivo\API - processo seletivo.csproj", "{8048A974-7025-47E3-95FF-899606D2316F}"
EndProject
Project("{FAE04EC0-301F-11D3-BF4B-00C04F79EFBC}") = "MoviesTest", "MoviesTest\MoviesTest.csproj", "{297C1FA0-D7B9-4533-86D5-89D323604415}"
EndProject
Project("{FAE04EC0-301F-11D3-BF4B-00C04F79EFBC}") = "MoviesLibrary", "MoviesLibrary\MoviesLibrary.csproj", "{AE71F253-8F40-4BF8-9179-9D36043A4BF7}"
EndProject
Global
	GlobalSection(SolutionConfigurationPlatforms) = preSolution
		Debug|Any CPU = Debug|Any CPU
		Release|Any CPU = Release|Any CPU
	EndGlobalSection
	GlobalSection(ProjectConfigurationPlatforms) = postSolution
		{8048A974-7025-47E3-95FF-899606D2316F}.Debug|Any CPU.ActiveCfg = Debug|Any CPU
		{8048A974-7025-47E3-95FF-899606D2316F}.Debug|Any CPU.Build.0 = Debug|Any CPU
		{8048A974-7025-47E3-95FF-899606D2316F}.Release|Any CPU.ActiveCfg = Release|Any CPU
		{8048A974-7025-47E3-95FF-899606D2316F}.Release|Any CPU.Build.0 = Release|Any CPU
		{297C1FA0-D7B9-4533-86D5-89D323604415}.Debug|Any CPU.ActiveCfg = Debug|Any CPU
		{297C1FA0-D7B9-4533-86D5-89D323604415}.Debug|Any CPU.Build.0 = Debug|Any CPU
		{297C1FA0-D7B9-4533-86D5-89D323604415}.Release|Any CPU.ActiveCfg = Release|Any CPU
		{297C1FA0-D7B9-4533-86D5-89D323604415}.Release|Any CPU.Build.0 = Release|Any CPU
		{AE71F253-8F40-4BF8-9179-9D36043A4BF7}.Debug|Any CPU.ActiveCfg = Debug|Any CPU
		{AE71F253-8F40-4BF8-9179-9D36043A4BF7}.Debug|Any CPU.Build.0 = Debug|Any CPU
		{AE71F253-8F40-4BF8-9179-9D36043A4BF7}.Release|Any CPU.ActiveCfg = Release|Any CPU
		{AE71F253-8F40-4BF8-9179-9D36043A4BF7}.Release|Any CPU.Build.0 = Release|Any CPU
	EndGlobalSection
	GlobalSection(SolutionProperties) = preSolution
		HideSolutionNode = FALSE
	EndGlobalSection
	GlobalSection(ExtensibilityGlobals) = postSolution
		SolutionGuid = {5AE0986C-2157-4EA6-BDE1-13DE26AB0398}
	EndGlobalSection
EndGlobal
